// !$*UTF8*$!
{
	archiveVersion = 1;
	classes = {
	};
	objectVersion = 48;
	objects = {

/* Begin PBXBuildFile section */
		FAB22E5E2041649E00B7722C /* AppDelegate.m in Sources */ = {isa = PBXBuildFile; fileRef = FAB22E5D2041649E00B7722C /* AppDelegate.m */; };
		FAB22E612041649E00B7722C /* ViewController.m in Sources */ = {isa = PBXBuildFile; fileRef = FAB22E602041649E00B7722C /* ViewController.m */; };
		FAB22E642041649E00B7722C /* Main.storyboard in Resources */ = {isa = PBXBuildFile; fileRef = FAB22E622041649E00B7722C /* Main.storyboard */; };
		FAB22E662041649E00B7722C /* Assets.xcassets in Resources */ = {isa = PBXBuildFile; fileRef = FAB22E652041649E00B7722C /* Assets.xcassets */; };
		FAB22E692041649E00B7722C /* LaunchScreen.storyboard in Resources */ = {isa = PBXBuildFile; fileRef = FAB22E672041649E00B7722C /* LaunchScreen.storyboard */; };
		FAB22E6C2041649E00B7722C /* main.m in Sources */ = {isa = PBXBuildFile; fileRef = FAB22E6B2041649E00B7722C /* main.m */; };
		FAB22E762041649E00B7722C /* FJRefreshDemoTests.m in Sources */ = {isa = PBXBuildFile; fileRef = FAB22E752041649E00B7722C /* FJRefreshDemoTests.m */; };
		FAB22E812041649F00B7722C /* FJRefreshDemoUITests.m in Sources */ = {isa = PBXBuildFile; fileRef = FAB22E802041649F00B7722C /* FJRefreshDemoUITests.m */; };
		FAB22E92204165FC00B7722C /* FJRefreshFooterView.m in Sources */ = {isa = PBXBuildFile; fileRef = FAB22E91204165FC00B7722C /* FJRefreshFooterView.m */; };
		FAB22E952041661300B7722C /* FJRefreshHeaderView.m in Sources */ = {isa = PBXBuildFile; fileRef = FAB22E942041661300B7722C /* FJRefreshHeaderView.m */; };
		FAB22E982041664100B7722C /* UIScrollView+Refresh.m in Sources */ = {isa = PBXBuildFile; fileRef = FAB22E972041664100B7722C /* UIScrollView+Refresh.m */; };
		FAB22E9F20428E8C00B7722C /* UITableView+NoData.m in Sources */ = {isa = PBXBuildFile; fileRef = FAB22E9E20428E8C00B7722C /* UITableView+NoData.m */; };
/* End PBXBuildFile section */

/* Begin PBXContainerItemProxy section */
		FAB22E722041649E00B7722C /* PBXContainerItemProxy */ = {
			isa = PBXContainerItemProxy;
			containerPortal = FAB22E512041649E00B7722C /* Project object */;
			proxyType = 1;
			remoteGlobalIDString = FAB22E582041649E00B7722C;
			remoteInfo = FJRefreshDemo;
		};
		FAB22E7D2041649F00B7722C /* PBXContainerItemProxy */ = {
			isa = PBXContainerItemProxy;
			containerPortal = FAB22E512041649E00B7722C /* Project object */;
			proxyType = 1;
			remoteGlobalIDString = FAB22E582041649E00B7722C;
			remoteInfo = FJRefreshDemo;
		};
/* End PBXContainerItemProxy section */

/* Begin PBXFileReference section */
		FAB22E592041649E00B7722C /* FJRefreshDemo.app */ = {isa = PBXFileReference; explicitFileType = wrapper.application; includeInIndex = 0; path = FJRefreshDemo.app; sourceTree = BUILT_PRODUCTS_DIR; };
		FAB22E5C2041649E00B7722C /* AppDelegate.h */ = {isa = PBXFileReference; lastKnownFileType = sourcecode.c.h; path = AppDelegate.h; sourceTree = "<group>"; };
		FAB22E5D2041649E00B7722C /* AppDelegate.m */ = {isa = PBXFileReference; lastKnownFileType = sourcecode.c.objc; path = AppDelegate.m; sourceTree = "<group>"; };
		FAB22E5F2041649E00B7722C /* ViewController.h */ = {isa = PBXFileReference; lastKnownFileType = sourcecode.c.h; path = ViewController.h; sourceTree = "<group>"; };
		FAB22E602041649E00B7722C /* ViewController.m */ = {isa = PBXFileReference; lastKnownFileType = sourcecode.c.objc; path = ViewController.m; sourceTree = "<group>"; };
		FAB22E632041649E00B7722C /* Base */ = {isa = PBXFileReference; lastKnownFileType = file.storyboard; name = Base; path = Base.lproj/Main.storyboard; sourceTree = "<group>"; };
		FAB22E652041649E00B7722C /* Assets.xcassets */ = {isa = PBXFileReference; lastKnownFileType = folder.assetcatalog; path = Assets.xcassets; sourceTree = "<group>"; };
		FAB22E682041649E00B7722C /* Base */ = {isa = PBXFileReference; lastKnownFileType = file.storyboard; name = Base; path = Base.lproj/LaunchScreen.storyboard; sourceTree = "<group>"; };
		FAB22E6A2041649E00B7722C /* Info.plist */ = {isa = PBXFileReference; lastKnownFileType = text.plist.xml; path = Info.plist; sourceTree = "<group>"; };
		FAB22E6B2041649E00B7722C /* main.m */ = {isa = PBXFileReference; lastKnownFileType = sourcecode.c.objc; path = main.m; sourceTree = "<group>"; };
		FAB22E712041649E00B7722C /* FJRefreshDemoTests.xctest */ = {isa = PBXFileReference; explicitFileType = wrapper.cfbundle; includeInIndex = 0; path = FJRefreshDemoTests.xctest; sourceTree = BUILT_PRODUCTS_DIR; };
		FAB22E752041649E00B7722C /* FJRefreshDemoTests.m */ = {isa = PBXFileReference; lastKnownFileType = sourcecode.c.objc; path = FJRefreshDemoTests.m; sourceTree = "<group>"; };
		FAB22E772041649E00B7722C /* Info.plist */ = {isa = PBXFileReference; lastKnownFileType = text.plist.xml; path = Info.plist; sourceTree = "<group>"; };
		FAB22E7C2041649F00B7722C /* FJRefreshDemoUITests.xctest */ = {isa = PBXFileReference; explicitFileType = wrapper.cfbundle; includeInIndex = 0; path = FJRefreshDemoUITests.xctest; sourceTree = BUILT_PRODUCTS_DIR; };
		FAB22E802041649F00B7722C /* FJRefreshDemoUITests.m */ = {isa = PBXFileReference; lastKnownFileType = sourcecode.c.objc; path = FJRefreshDemoUITests.m; sourceTree = "<group>"; };
		FAB22E822041649F00B7722C /* Info.plist */ = {isa = PBXFileReference; lastKnownFileType = text.plist.xml; path = Info.plist; sourceTree = "<group>"; };
		FAB22E8F204165D000B7722C /* FJRefresh.h */ = {isa = PBXFileReference; lastKnownFileType = sourcecode.c.h; path = FJRefresh.h; sourceTree = "<group>"; };
		FAB22E90204165FC00B7722C /* FJRefreshFooterView.h */ = {isa = PBXFileReference; lastKnownFileType = sourcecode.c.h; path = FJRefreshFooterView.h; sourceTree = "<group>"; };
		FAB22E91204165FC00B7722C /* FJRefreshFooterView.m */ = {isa = PBXFileReference; lastKnownFileType = sourcecode.c.objc; path = FJRefreshFooterView.m; sourceTree = "<group>"; };
		FAB22E932041661300B7722C /* FJRefreshHeaderView.h */ = {isa = PBXFileReference; lastKnownFileType = sourcecode.c.h; path = FJRefreshHeaderView.h; sourceTree = "<group>"; };
		FAB22E942041661300B7722C /* FJRefreshHeaderView.m */ = {isa = PBXFileReference; lastKnownFileType = sourcecode.c.objc; path = FJRefreshHeaderView.m; sourceTree = "<group>"; };
		FAB22E962041664100B7722C /* UIScrollView+Refresh.h */ = {isa = PBXFileReference; lastKnownFileType = sourcecode.c.h; path = "UIScrollView+Refresh.h"; sourceTree = "<group>"; };
		FAB22E972041664100B7722C /* UIScrollView+Refresh.m */ = {isa = PBXFileReference; lastKnownFileType = sourcecode.c.objc; path = "UIScrollView+Refresh.m"; sourceTree = "<group>"; };
		FAB22E9C2041679000B7722C /* FJRefreshConfig.h */ = {isa = PBXFileReference; lastKnownFileType = sourcecode.c.h; path = FJRefreshConfig.h; sourceTree = "<group>"; };
		FAB22E9D20428E8C00B7722C /* UITableView+NoData.h */ = {isa = PBXFileReference; lastKnownFileType = sourcecode.c.h; path = "UITableView+NoData.h"; sourceTree = "<group>"; };
		FAB22E9E20428E8C00B7722C /* UITableView+NoData.m */ = {isa = PBXFileReference; lastKnownFileType = sourcecode.c.objc; path = "UITableView+NoData.m"; sourceTree = "<group>"; };
/* End PBXFileReference section */

/* Begin PBXFrameworksBuildPhase section */
		FAB22E562041649E00B7722C /* Frameworks */ = {
			isa = PBXFrameworksBuildPhase;
			buildActionMask = 2147483647;
			files = (
			);
			runOnlyForDeploymentPostprocessing = 0;
		};
		FAB22E6E2041649E00B7722C /* Frameworks */ = {
			isa = PBXFrameworksBuildPhase;
			buildActionMask = 2147483647;
			files = (
			);
			runOnlyForDeploymentPostprocessing = 0;
		};
		FAB22E792041649F00B7722C /* Frameworks */ = {
			isa = PBXFrameworksBuildPhase;
			buildActionMask = 2147483647;
			files = (
			);
			runOnlyForDeploymentPostprocessing = 0;
		};
/* End PBXFrameworksBuildPhase section */

/* Begin PBXGroup section */
		FAB22E502041649E00B7722C = {
			isa = PBXGroup;
			children = (
				FAB22E5B2041649E00B7722C /* FJRefreshDemo */,
				FAB22E742041649E00B7722C /* FJRefreshDemoTests */,
				FAB22E7F2041649F00B7722C /* FJRefreshDemoUITests */,
				FAB22E5A2041649E00B7722C /* Products */,
			);
			sourceTree = "<group>";
		};
		FAB22E5A2041649E00B7722C /* Products */ = {
			isa = PBXGroup;
			children = (
				FAB22E592041649E00B7722C /* FJRefreshDemo.app */,
				FAB22E712041649E00B7722C /* FJRefreshDemoTests.xctest */,
				FAB22E7C2041649F00B7722C /* FJRefreshDemoUITests.xctest */,
			);
			name = Products;
			sourceTree = "<group>";
		};
		FAB22E5B2041649E00B7722C /* FJRefreshDemo */ = {
			isa = PBXGroup;
			children = (
				FAB22E8E2041659900B7722C /* FJRefresh */,
				FAB22E5C2041649E00B7722C /* AppDelegate.h */,
				FAB22E5D2041649E00B7722C /* AppDelegate.m */,
				FAB22E5F2041649E00B7722C /* ViewController.h */,
				FAB22E602041649E00B7722C /* ViewController.m */,
				FAB22E622041649E00B7722C /* Main.storyboard */,
				FAB22E652041649E00B7722C /* Assets.xcassets */,
				FAB22E672041649E00B7722C /* LaunchScreen.storyboard */,
				FAB22E6A2041649E00B7722C /* Info.plist */,
				FAB22E6B2041649E00B7722C /* main.m */,
			);
			path = FJRefreshDemo;
			sourceTree = "<group>";
		};
		FAB22E742041649E00B7722C /* FJRefreshDemoTests */ = {
			isa = PBXGroup;
			children = (
				FAB22E752041649E00B7722C /* FJRefreshDemoTests.m */,
				FAB22E772041649E00B7722C /* Info.plist */,
			);
			path = FJRefreshDemoTests;
			sourceTree = "<group>";
		};
		FAB22E7F2041649F00B7722C /* FJRefreshDemoUITests */ = {
			isa = PBXGroup;
			children = (
				FAB22E802041649F00B7722C /* FJRefreshDemoUITests.m */,
				FAB22E822041649F00B7722C /* Info.plist */,
			);
			path = FJRefreshDemoUITests;
			sourceTree = "<group>";
		};
		FAB22E8E2041659900B7722C /* FJRefresh */ = {
			isa = PBXGroup;
			children = (
				FAB22E8F204165D000B7722C /* FJRefresh.h */,
				FAB22E9C2041679000B7722C /* FJRefreshConfig.h */,
				FAB22E90204165FC00B7722C /* FJRefreshFooterView.h */,
				FAB22E91204165FC00B7722C /* FJRefreshFooterView.m */,
				FAB22E932041661300B7722C /* FJRefreshHeaderView.h */,
				FAB22E942041661300B7722C /* FJRefreshHeaderView.m */,
				FAB22E962041664100B7722C /* UIScrollView+Refresh.h */,
				FAB22E972041664100B7722C /* UIScrollView+Refresh.m */,
				FAB22E9D20428E8C00B7722C /* UITableView+NoData.h */,
				FAB22E9E20428E8C00B7722C /* UITableView+NoData.m */,
			);
			path = FJRefresh;
			sourceTree = "<group>";
		};
/* End PBXGroup section */

/* Begin PBXNativeTarget section */
		FAB22E582041649E00B7722C /* FJRefreshDemo */ = {
			isa = PBXNativeTarget;
			buildConfigurationList = FAB22E852041649F00B7722C /* Build configuration list for PBXNativeTarget "FJRefreshDemo" */;
			buildPhases = (
				FAB22E552041649E00B7722C /* Sources */,
				FAB22E562041649E00B7722C /* Frameworks */,
				FAB22E572041649E00B7722C /* Resources */,
			);
			buildRules = (
			);
			dependencies = (
			);
			name = FJRefreshDemo;
			productName = FJRefreshDemo;
			productReference = FAB22E592041649E00B7722C /* FJRefreshDemo.app */;
			productType = "com.apple.product-type.application";
		};
		FAB22E702041649E00B7722C /* FJRefreshDemoTests */ = {
			isa = PBXNativeTarget;
			buildConfigurationList = FAB22E882041649F00B7722C /* Build configuration list for PBXNativeTarget "FJRefreshDemoTests" */;
			buildPhases = (
				FAB22E6D2041649E00B7722C /* Sources */,
				FAB22E6E2041649E00B7722C /* Frameworks */,
				FAB22E6F2041649E00B7722C /* Resources */,
			);
			buildRules = (
			);
			dependencies = (
				FAB22E732041649E00B7722C /* PBXTargetDependency */,
			);
			name = FJRefreshDemoTests;
			productName = FJRefreshDemoTests;
			productReference = FAB22E712041649E00B7722C /* FJRefreshDemoTests.xctest */;
			productType = "com.apple.product-type.bundle.unit-test";
		};
		FAB22E7B2041649F00B7722C /* FJRefreshDemoUITests */ = {
			isa = PBXNativeTarget;
			buildConfigurationList = FAB22E8B2041649F00B7722C /* Build configuration list for PBXNativeTarget "FJRefreshDemoUITests" */;
			buildPhases = (
				FAB22E782041649F00B7722C /* Sources */,
				FAB22E792041649F00B7722C /* Frameworks */,
				FAB22E7A2041649F00B7722C /* Resources */,
			);
			buildRules = (
			);
			dependencies = (
				FAB22E7E2041649F00B7722C /* PBXTargetDependency */,
			);
			name = FJRefreshDemoUITests;
			productName = FJRefreshDemoUITests;
			productReference = FAB22E7C2041649F00B7722C /* FJRefreshDemoUITests.xctest */;
			productType = "com.apple.product-type.bundle.ui-testing";
		};
/* End PBXNativeTarget section */

/* Begin PBXProject section */
		FAB22E512041649E00B7722C /* Project object */ = {
			isa = PBXProject;
			attributes = {
				LastUpgradeCheck = 0920;
				ORGANIZATIONNAME = nuanqing;
				TargetAttributes = {
					FAB22E582041649E00B7722C = {
						CreatedOnToolsVersion = 9.2;
						ProvisioningStyle = Automatic;
					};
					FAB22E702041649E00B7722C = {
						CreatedOnToolsVersion = 9.2;
						ProvisioningStyle = Automatic;
						TestTargetID = FAB22E582041649E00B7722C;
					};
					FAB22E7B2041649F00B7722C = {
						CreatedOnToolsVersion = 9.2;
						ProvisioningStyle = Automatic;
						TestTargetID = FAB22E582041649E00B7722C;
					};
				};
			};
			buildConfigurationList = FAB22E542041649E00B7722C /* Build configuration list for PBXProject "FJRefreshDemo" */;
			compatibilityVersion = "Xcode 8.0";
			developmentRegion = en;
			hasScannedForEncodings = 0;
			knownRegions = (
				en,
				Base,
			);
			mainGroup = FAB22E502041649E00B7722C;
			productRefGroup = FAB22E5A2041649E00B7722C /* Products */;
			projectDirPath = "";
			projectRoot = "";
			targets = (
				FAB22E582041649E00B7722C /* FJRefreshDemo */,
				FAB22E702041649E00B7722C /* FJRefreshDemoTests */,
				FAB22E7B2041649F00B7722C /* FJRefreshDemoUITests */,
			);
		};
/* End PBXProject section */

/* Begin PBXResourcesBuildPhase section */
		FAB22E572041649E00B7722C /* Resources */ = {
			isa = PBXResourcesBuildPhase;
			buildActionMask = 2147483647;
			files = (
				FAB22E692041649E00B7722C /* LaunchScreen.storyboard in Resources */,
				FAB22E662041649E00B7722C /* Assets.xcassets in Resources */,
				FAB22E642041649E00B7722C /* Main.storyboard in Resources */,
			);
			runOnlyForDeploymentPostprocessing = 0;
		};
		FAB22E6F2041649E00B7722C /* Resources */ = {
			isa = PBXResourcesBuildPhase;
			buildActionMask = 2147483647;
			files = (
			);
			runOnlyForDeploymentPostprocessing = 0;
		};
		FAB22E7A2041649F00B7722C /* Resources */ = {
			isa = PBXResourcesBuildPhase;
			buildActionMask = 2147483647;
			files = (
			);
			runOnlyForDeploymentPostprocessing = 0;
		};
/* End PBXResourcesBuildPhase section */

/* Begin PBXSourcesBuildPhase section */
		FAB22E552041649E00B7722C /* Sources */ = {
			isa = PBXSourcesBuildPhase;
			buildActionMask = 2147483647;
			files = (
				FAB22E612041649E00B7722C /* ViewController.m in Sources */,
				FAB22E982041664100B7722C /* UIScrollView+Refresh.m in Sources */,
				FAB22E92204165FC00B7722C /* FJRefreshFooterView.m in Sources */,
				FAB22E6C2041649E00B7722C /* main.m in Sources */,
				FAB22E9F20428E8C00B7722C /* UITableView+NoData.m in Sources */,
				FAB22E952041661300B7722C /* FJRefreshHeaderView.m in Sources */,
				FAB22E5E2041649E00B7722C /* AppDelegate.m in Sources */,
			);
			runOnlyForDeploymentPostprocessing = 0;
		};
		FAB22E6D2041649E00B7722C /* Sources */ = {
			isa = PBXSourcesBuildPhase;
			buildActionMask = 2147483647;
			files = (
				FAB22E762041649E00B7722C /* FJRefreshDemoTests.m in Sources */,
			);
			runOnlyForDeploymentPostprocessing = 0;
		};
		FAB22E782041649F00B7722C /* Sources */ = {
			isa = PBXSourcesBuildPhase;
			buildActionMask = 2147483647;
			files = (
				FAB22E812041649F00B7722C /* FJRefreshDemoUITests.m in Sources */,
			);
			runOnlyForDeploymentPostprocessing = 0;
		};
/* End PBXSourcesBuildPhase section */

/* Begin PBXTargetDependency section */
		FAB22E732041649E00B7722C /* PBXTargetDependency */ = {
			isa = PBXTargetDependency;
			target = FAB22E582041649E00B7722C /* FJRefreshDemo */;
			targetProxy = FAB22E722041649E00B7722C /* PBXContainerItemProxy */;
		};
		FAB22E7E2041649F00B7722C /* PBXTargetDependency */ = {
			isa = PBXTargetDependency;
			target = FAB22E582041649E00B7722C /* FJRefreshDemo */;
			targetProxy = FAB22E7D2041649F00B7722C /* PBXContainerItemProxy */;
		};
/* End PBXTargetDependency section */

/* Begin PBXVariantGroup section */
		FAB22E622041649E00B7722C /* Main.storyboard */ = {
			isa = PBXVariantGroup;
			children = (
				FAB22E632041649E00B7722C /* Base */,
			);
			name = Main.storyboard;
			sourceTree = "<group>";
		};
		FAB22E672041649E00B7722C /* LaunchScreen.storyboard */ = {
			isa = PBXVariantGroup;
			children = (
				FAB22E682041649E00B7722C /* Base */,
			);
			name = LaunchScreen.storyboard;
			sourceTree = "<group>";
		};
/* End PBXVariantGroup section */

/* Begin XCBuildConfiguration section */
		FAB22E832041649F00B7722C /* Debug */ = {
			isa = XCBuildConfiguration;
			buildSettings = {
				ALWAYS_SEARCH_USER_PATHS = NO;
				CLANG_ANALYZER_NONNULL = YES;
				CLANG_ANALYZER_NUMBER_OBJECT_CONVERSION = YES_AGGRESSIVE;
				CLANG_CXX_LANGUAGE_STANDARD = "gnu++14";
				CLANG_CXX_LIBRARY = "libc++";
				CLANG_ENABLE_MODULES = YES;
				CLANG_ENABLE_OBJC_ARC = YES;
				CLANG_WARN_BLOCK_CAPTURE_AUTORELEASING = YES;
				CLANG_WARN_BOOL_CONVERSION = YES;
				CLANG_WARN_COMMA = YES;
				CLANG_WARN_CONSTANT_CONVERSION = YES;
				CLANG_WARN_DIRECT_OBJC_ISA_USAGE = YES_ERROR;
				CLANG_WARN_DOCUMENTATION_COMMENTS = YES;
				CLANG_WARN_EMPTY_BODY = YES;
				CLANG_WARN_ENUM_CONVERSION = YES;
				CLANG_WARN_INFINITE_RECURSION = YES;
				CLANG_WARN_INT_CONVERSION = YES;
				CLANG_WARN_NON_LITERAL_NULL_CONVERSION = YES;
				CLANG_WARN_OBJC_LITERAL_CONVERSION = YES;
				CLANG_WARN_OBJC_ROOT_CLASS = YES_ERROR;
				CLANG_WARN_RANGE_LOOP_ANALYSIS = YES;
				CLANG_WARN_STRICT_PROTOTYPES = YES;
				CLANG_WARN_SUSPICIOUS_MOVE = YES;
				CLANG_WARN_UNGUARDED_AVAILABILITY = YES_AGGRESSIVE;
				CLANG_WARN_UNREACHABLE_CODE = YES;
				CLANG_WARN__DUPLICATE_METHOD_MATCH = YES;
				CODE_SIGN_IDENTITY = "iPhone Developer";
				COPY_PHASE_STRIP = NO;
				DEBUG_INFORMATION_FORMAT = dwarf;
				ENABLE_STRICT_OBJC_MSGSEND = YES;
				ENABLE_TESTABILITY = YES;
				GCC_C_LANGUAGE_STANDARD = gnu11;
				GCC_DYNAMIC_NO_PIC = NO;
				GCC_NO_COMMON_BLOCKS = YES;
				GCC_OPTIMIZATION_LEVEL = 0;
				GCC_PREPROCESSOR_DEFINITIONS = (
					"DEBUG=1",
					"$(inherited)",
				);
				GCC_WARN_64_TO_32_BIT_CONVERSION = YES;
				GCC_WARN_ABOUT_RETURN_TYPE = YES_ERROR;
				GCC_WARN_UNDECLARED_SELECTOR = YES;
				GCC_WARN_UNINITIALIZED_AUTOS = YES_AGGRESSIVE;
				GCC_WARN_UNUSED_FUNCTION = YES;
				GCC_WARN_UNUSED_VARIABLE = YES;
				IPHONEOS_DEPLOYMENT_TARGET = 11.2;
				MTL_ENABLE_DEBUG_INFO = YES;
				ONLY_ACTIVE_ARCH = YES;
				SDKROOT = iphoneos;
			};
			name = Debug;
		};
		FAB22E842041649F00B7722C /* Release */ = {
			isa = XCBuildConfiguration;
			buildSettings = {
				ALWAYS_SEARCH_USER_PATHS = NO;
				CLANG_ANALYZER_NONNULL = YES;
				CLANG_ANALYZER_NUMBER_OBJECT_CONVERSION = YES_AGGRESSIVE;
				CLANG_CXX_LANGUAGE_STANDARD = "gnu++14";
				CLANG_CXX_LIBRARY = "libc++";
				CLANG_ENABLE_MODULES = YES;
				CLANG_ENABLE_OBJC_ARC = YES;
				CLANG_WARN_BLOCK_CAPTURE_AUTORELEASING = YES;
				CLANG_WARN_BOOL_CONVERSION = YES;
				CLANG_WARN_COMMA = YES;
				CLANG_WARN_CONSTANT_CONVERSION = YES;
				CLANG_WARN_DIRECT_OBJC_ISA_USAGE = YES_ERROR;
				CLANG_WARN_DOCUMENTATION_COMMENTS = YES;
				CLANG_WARN_EMPTY_BODY = YES;
				CLANG_WARN_ENUM_CONVERSION = YES;
				CLANG_WARN_INFINITE_RECURSION = YES;
				CLANG_WARN_INT_CONVERSION = YES;
				CLANG_WARN_NON_LITERAL_NULL_CONVERSION = YES;
				CLANG_WARN_OBJC_LITERAL_CONVERSION = YES;
				CLANG_WARN_OBJC_ROOT_CLASS = YES_ERROR;
				CLANG_WARN_RANGE_LOOP_ANALYSIS = YES;
				CLANG_WARN_STRICT_PROTOTYPES = YES;
				CLANG_WARN_SUSPICIOUS_MOVE = YES;
				CLANG_WARN_UNGUARDED_AVAILABILITY = YES_AGGRESSIVE;
				CLANG_WARN_UNREACHABLE_CODE = YES;
				CLANG_WARN__DUPLICATE_METHOD_MATCH = YES;
				CODE_SIGN_IDENTITY = "iPhone Developer";
				COPY_PHASE_STRIP = NO;
				DEBUG_INFORMATION_FORMAT = "dwarf-with-dsym";
				ENABLE_NS_ASSERTIONS = NO;
				ENABLE_STRICT_OBJC_MSGSEND = YES;
				GCC_C_LANGUAGE_STANDARD = gnu11;
				GCC_NO_COMMON_BLOCKS = YES;
				GCC_WARN_64_TO_32_BIT_CONVERSION = YES;
				GCC_WARN_ABOUT_RETURN_TYPE = YES_ERROR;
				GCC_WARN_UNDECLARED_SELECTOR = YES;
				GCC_WARN_UNINITIALIZED_AUTOS = YES_AGGRESSIVE;
				GCC_WARN_UNUSED_FUNCTION = YES;
				GCC_WARN_UNUSED_VARIABLE = YES;
				IPHONEOS_DEPLOYMENT_TARGET = 11.2;
				MTL_ENABLE_DEBUG_INFO = NO;
				SDKROOT = iphoneos;
				VALIDATE_PRODUCT = YES;
			};
			name = Release;
		};
		FAB22E862041649F00B7722C /* Debug */ = {
			isa = XCBuildConfiguration;
			buildSettings = {
				ASSETCATALOG_COMPILER_APPICON_NAME = AppIcon;
				CODE_SIGN_STYLE = Automatic;
				DEVELOPMENT_TEAM = YMC28H56EE;
				INFOPLIST_FILE = FJRefreshDemo/Info.plist;
				IPHONEOS_DEPLOYMENT_TARGET = 8.1;
				LD_RUNPATH_SEARCH_PATHS = "$(inherited) @executable_path/Frameworks";
				PRODUCT_BUNDLE_IDENTIFIER = com.nuanqing.FJRefreshDemo;
				PRODUCT_NAME = "$(TARGET_NAME)";
				TARGETED_DEVICE_FAMILY = "1,2";
			};
			name = Debug;
		};
		FAB22E872041649F00B7722C /* Release */ = {
			isa = XCBuildConfiguration;
			buildSettings = {
				ASSETCATALOG_COMPILER_APPICON_NAME = AppIcon;
				CODE_SIGN_STYLE = Automatic;
				DEVELOPMENT_TEAM = YMC28H56EE;
				INFOPLIST_FILE = FJRefreshDemo/Info.plist;
				IPHONEOS_DEPLOYMENT_TARGET = 8.1;
				LD_RUNPATH_SEARCH_PATHS = "$(inherited) @executable_path/Frameworks";
				PRODUCT_BUNDLE_IDENTIFIER = com.nuanqing.FJRefreshDemo;
				PRODUCT_NAME = "$(TARGET_NAME)";
				TARGETED_DEVICE_FAMILY = "1,2";
			};
			name = Release;
		};
		FAB22E892041649F00B7722C /* Debug */ = {
			isa = XCBuildConfiguration;
			buildSettings = {
				BUNDLE_LOADER = "$(TEST_HOST)";
				CODE_SIGN_STYLE = Automatic;
				DEVELOPMENT_TEAM = YMC28H56EE;
				INFOPLIST_FILE = FJRefreshDemoTests/Info.plist;
				LD_RUNPATH_SEARCH_PATHS = "$(inherited) @executable_path/Frameworks @loader_path/Frameworks";
				PRODUCT_BUNDLE_IDENTIFIER = com.nuanqing.FJRefreshDemoTests;
				PRODUCT_NAME = "$(TARGET_NAME)";
				TARGETED_DEVICE_FAMILY = "1,2";
				TEST_HOST = "$(BUILT_PRODUCTS_DIR)/FJRefreshDemo.app/FJRefreshDemo";
			};
			name = Debug;
		};
		FAB22E8A2041649F00B7722C /* Release */ = {
			isa = XCBuildConfiguration;
			buildSettings = {
				BUNDLE_LOADER = "$(TEST_HOST)";
				CODE_SIGN_STYLE = Automatic;
				DEVELOPMENT_TEAM = YMC28H56EE;
				INFOPLIST_FILE = FJRefreshDemoTests/Info.plist;
				LD_RUNPATH_SEARCH_PATHS = "$(inherited) @executable_path/Frameworks @loader_path/Frameworks";
				PRODUCT_BUNDLE_IDENTIFIER = com.nuanqing.FJRefreshDemoTests;
				PRODUCT_NAME = "$(TARGET_NAME)";
				TARGETED_DEVICE_FAMILY = "1,2";
				TEST_HOST = "$(BUILT_PRODUCTS_DIR)/FJRefreshDemo.app/FJRefreshDemo";
			};
			name = Release;
		};
		FAB22E8C2041649F00B7722C /* Debug */ = {
			isa = XCBuildConfiguration;
			buildSettings = {
				CODE_SIGN_STYLE = Automatic;
				DEVELOPMENT_TEAM = YMC28H56EE;
				INFOPLIST_FILE = FJRefreshDemoUITests/Info.plist;
				LD_RUNPATH_SEARCH_PATHS = "$(inherited) @executable_path/Frameworks @loader_path/Frameworks";
				PRODUCT_BUNDLE_IDENTIFIER = com.nuanqing.FJRefreshDemoUITests;
				PRODUCT_NAME = "$(TARGET_NAME)";
				TARGETED_DEVICE_FAMILY = "1,2";
				TEST_TARGET_NAME = FJRefreshDemo;
			};
			name = Debug;
		};
		FAB22E8D2041649F00B7722C /* Release */ = {
			isa = XCBuildConfiguration;
			buildSettings = {
				CODE_SIGN_STYLE = Automatic;
				DEVELOPMENT_TEAM = YMC28H56EE;
				INFOPLIST_FILE = FJRefreshDemoUITests/Info.plist;
				LD_RUNPATH_SEARCH_PATHS = "$(inherited) @executable_path/Frameworks @loader_path/Frameworks";
				PRODUCT_BUNDLE_IDENTIFIER = com.nuanqing.FJRefreshDemoUITests;
				PRODUCT_NAME = "$(TARGET_NAME)";
				TARGETED_DEVICE_FAMILY = "1,2";
				TEST_TARGET_NAME = FJRefreshDemo;
			};
			name = Release;
		};
/* End XCBuildConfiguration section */

/* Begin XCConfigurationList section */
		FAB22E542041649E00B7722C /* Build configuration list for PBXProject "FJRefreshDemo" */ = {
			isa = XCConfigurationList;
			buildConfigurations = (
				FAB22E832041649F00B7722C /* Debug */,
				FAB22E842041649F00B7722C /* Release */,
			);
			defaultConfigurationIsVisible = 0;
			defaultConfigurationName = Release;
		};
		FAB22E852041649F00B7722C /* Build configuration list for PBXNativeTarget "FJRefreshDemo" */ = {
			isa = XCConfigurationList;
			buildConfigurations = (
				FAB22E862041649F00B7722C /* Debug */,
				FAB22E872041649F00B7722C /* Release */,
			);
			defaultConfigurationIsVisible = 0;
			defaultConfigurationName = Release;
		};
		FAB22E882041649F00B7722C /* Build configuration list for PBXNativeTarget "FJRefreshDemoTests" */ = {
			isa = XCConfigurationList;
			buildConfigurations = (
				FAB22E892041649F00B7722C /* Debug */,
				FAB22E8A2041649F00B7722C /* Release */,
			);
			defaultConfigurationIsVisible = 0;
			defaultConfigurationName = Release;
		};
		FAB22E8B2041649F00B7722C /* Build configuration list for PBXNativeTarget "FJRefreshDemoUITests" */ = {
			isa = XCConfigurationList;
			buildConfigurations = (
				FAB22E8C2041649F00B7722C /* Debug */,
				FAB22E8D2041649F00B7722C /* Release */,
			);
			defaultConfigurationIsVisible = 0;
			defaultConfigurationName = Release;
		};
/* End XCConfigurationList section */
	};
	rootObject = FAB22E512041649E00B7722C /* Project object */;
}
